
Microsoft Visual Studio Solution File, Format Version 12.00
# Visual Studio Version 16
VisualStudioVersion = 16.0.30204.135
MinimumVisualStudioVersion = 10.0.40219.1
Project("{FAE04EC0-301F-11D3-BF4B-00C04F79EFBC}") = "20200713", "20200713\20200713.csproj", "{38260531-D445-4E9E-8678-B2A75F9724AE}"
EndProject
Global
	GlobalSection(SolutionConfigurationPlatforms) = preSolution
		Debug|Any CPU = Debug|Any CPU
		Release|Any CPU = Release|Any CPU
	EndGlobalSection
	GlobalSection(ProjectConfigurationPlatforms) = postSolution
		{38260531-D445-4E9E-8678-B2A75F9724AE}.Debug|Any CPU.ActiveCfg = Debug|Any CPU
		{38260531-D445-4E9E-8678-B2A75F9724AE}.Debug|Any CPU.Build.0 = Debug|Any CPU
		{38260531-D445-4E9E-8678-B2A75F9724AE}.Release|Any CPU.ActiveCfg = Release|Any CPU
		{38260531-D445-4E9E-8678-B2A75F9724AE}.Release|Any CPU.Build.0 = Release|Any CPU
	EndGlobalSection
	GlobalSection(SolutionProperties) = preSolution
		HideSolutionNode = FALSE
	EndGlobalSection
	GlobalSection(ExtensibilityGlobals) = postSolution
		SolutionGuid = {6EC7722B-DE5E-4A6E-90C5-0ADF2B29D340}
	EndGlobalSection
EndGlobal
