
Microsoft Visual Studio Solution File, Format Version 12.00
# Visual Studio Version 16
VisualStudioVersion = 16.0.30204.135
MinimumVisualStudioVersion = 10.0.40219.1
Project("{FAE04EC0-301F-11D3-BF4B-00C04F79EFBC}") = "1", "1\1.csproj", "{E3C089E1-E4A5-4D12-B36A-811806D1DD26}"
EndProject
Project("{FAE04EC0-301F-11D3-BF4B-00C04F79EFBC}") = "2", "2\2.csproj", "{C4A4A0EE-7DF5-49FC-853F-C54CDFA94144}"
EndProject
Project("{FAE04EC0-301F-11D3-BF4B-00C04F79EFBC}") = "3", "3\3.csproj", "{FE853F59-6D3F-4892-B018-957E71EBCEEA}"
EndProject
Project("{FAE04EC0-301F-11D3-BF4B-00C04F79EFBC}") = "4", "4\4.csproj", "{569AB417-6D31-4020-A330-C0C59347BE00}"
EndProject
Project("{FAE04EC0-301F-11D3-BF4B-00C04F79EFBC}") = "5", "5\5.csproj", "{3E9C449D-9602-40BE-AB55-A9839322C6AF}"
EndProject
Global
	GlobalSection(SolutionConfigurationPlatforms) = preSolution
		Debug|Any CPU = Debug|Any CPU
		Release|Any CPU = Release|Any CPU
	EndGlobalSection
	GlobalSection(ProjectConfigurationPlatforms) = postSolution
		{E3C089E1-E4A5-4D12-B36A-811806D1DD26}.Debug|Any CPU.ActiveCfg = Debug|Any CPU
		{E3C089E1-E4A5-4D12-B36A-811806D1DD26}.Debug|Any CPU.Build.0 = Debug|Any CPU
		{E3C089E1-E4A5-4D12-B36A-811806D1DD26}.Release|Any CPU.ActiveCfg = Release|Any CPU
		{E3C089E1-E4A5-4D12-B36A-811806D1DD26}.Release|Any CPU.Build.0 = Release|Any CPU
		{C4A4A0EE-7DF5-49FC-853F-C54CDFA94144}.Debug|Any CPU.ActiveCfg = Debug|Any CPU
		{C4A4A0EE-7DF5-49FC-853F-C54CDFA94144}.Debug|Any CPU.Build.0 = Debug|Any CPU
		{C4A4A0EE-7DF5-49FC-853F-C54CDFA94144}.Release|Any CPU.ActiveCfg = Release|Any CPU
		{C4A4A0EE-7DF5-49FC-853F-C54CDFA94144}.Release|Any CPU.Build.0 = Release|Any CPU
		{FE853F59-6D3F-4892-B018-957E71EBCEEA}.Debug|Any CPU.ActiveCfg = Debug|Any CPU
		{FE853F59-6D3F-4892-B018-957E71EBCEEA}.Debug|Any CPU.Build.0 = Debug|Any CPU
		{FE853F59-6D3F-4892-B018-957E71EBCEEA}.Release|Any CPU.ActiveCfg = Release|Any CPU
		{FE853F59-6D3F-4892-B018-957E71EBCEEA}.Release|Any CPU.Build.0 = Release|Any CPU
		{569AB417-6D31-4020-A330-C0C59347BE00}.Debug|Any CPU.ActiveCfg = Debug|Any CPU
		{569AB417-6D31-4020-A330-C0C59347BE00}.Debug|Any CPU.Build.0 = Debug|Any CPU
		{569AB417-6D31-4020-A330-C0C59347BE00}.Release|Any CPU.ActiveCfg = Release|Any CPU
		{569AB417-6D31-4020-A330-C0C59347BE00}.Release|Any CPU.Build.0 = Release|Any CPU
		{3E9C449D-9602-40BE-AB55-A9839322C6AF}.Debug|Any CPU.ActiveCfg = Debug|Any CPU
		{3E9C449D-9602-40BE-AB55-A9839322C6AF}.Debug|Any CPU.Build.0 = Debug|Any CPU
		{3E9C449D-9602-40BE-AB55-A9839322C6AF}.Release|Any CPU.ActiveCfg = Release|Any CPU
		{3E9C449D-9602-40BE-AB55-A9839322C6AF}.Release|Any CPU.Build.0 = Release|Any CPU
	EndGlobalSection
	GlobalSection(SolutionProperties) = preSolution
		HideSolutionNode = FALSE
	EndGlobalSection
	GlobalSection(ExtensibilityGlobals) = postSolution
		SolutionGuid = {8B898C34-E2D7-4F25-B838-DEAF6AC3FE78}
	EndGlobalSection
EndGlobal
