
Microsoft Visual Studio Solution File, Format Version 12.00
# Visual Studio Version 16
VisualStudioVersion = 16.0.30320.27
MinimumVisualStudioVersion = 10.0.40219.1
Project("{FAE04EC0-301F-11D3-BF4B-00C04F79EFBC}") = "Server", "1\Server.csproj", "{F696019E-393F-4356-8069-776CA9A6DAC4}"
EndProject
Project("{FAE04EC0-301F-11D3-BF4B-00C04F79EFBC}") = "thread", "Thread\thread.csproj", "{EFFD6BEE-AD46-4767-8D61-B4C47D9A214A}"
EndProject
Global
	GlobalSection(SolutionConfigurationPlatforms) = preSolution
		Debug|Any CPU = Debug|Any CPU
		Release|Any CPU = Release|Any CPU
	EndGlobalSection
	GlobalSection(ProjectConfigurationPlatforms) = postSolution
		{F696019E-393F-4356-8069-776CA9A6DAC4}.Debug|Any CPU.ActiveCfg = Debug|Any CPU
		{F696019E-393F-4356-8069-776CA9A6DAC4}.Debug|Any CPU.Build.0 = Debug|Any CPU
		{F696019E-393F-4356-8069-776CA9A6DAC4}.Release|Any CPU.ActiveCfg = Release|Any CPU
		{F696019E-393F-4356-8069-776CA9A6DAC4}.Release|Any CPU.Build.0 = Release|Any CPU
		{EFFD6BEE-AD46-4767-8D61-B4C47D9A214A}.Debug|Any CPU.ActiveCfg = Debug|Any CPU
		{EFFD6BEE-AD46-4767-8D61-B4C47D9A214A}.Debug|Any CPU.Build.0 = Debug|Any CPU
		{EFFD6BEE-AD46-4767-8D61-B4C47D9A214A}.Release|Any CPU.ActiveCfg = Release|Any CPU
		{EFFD6BEE-AD46-4767-8D61-B4C47D9A214A}.Release|Any CPU.Build.0 = Release|Any CPU
	EndGlobalSection
	GlobalSection(SolutionProperties) = preSolution
		HideSolutionNode = FALSE
	EndGlobalSection
	GlobalSection(ExtensibilityGlobals) = postSolution
		SolutionGuid = {8247D959-055C-4A19-AC49-CD3425434C10}
	EndGlobalSection
EndGlobal
