
Microsoft Visual Studio Solution File, Format Version 12.00
# Visual Studio Version 16
VisualStudioVersion = 16.0.30320.27
MinimumVisualStudioVersion = 10.0.40219.1
Project("{FAE04EC0-301F-11D3-BF4B-00C04F79EFBC}") = "Client", "1\Client.csproj", "{A751F19F-F17F-4D41-A400-F34EE1738F78}"
EndProject
Global
	GlobalSection(SolutionConfigurationPlatforms) = preSolution
		Debug|Any CPU = Debug|Any CPU
		Release|Any CPU = Release|Any CPU
	EndGlobalSection
	GlobalSection(ProjectConfigurationPlatforms) = postSolution
		{A751F19F-F17F-4D41-A400-F34EE1738F78}.Debug|Any CPU.ActiveCfg = Debug|Any CPU
		{A751F19F-F17F-4D41-A400-F34EE1738F78}.Debug|Any CPU.Build.0 = Debug|Any CPU
		{A751F19F-F17F-4D41-A400-F34EE1738F78}.Release|Any CPU.ActiveCfg = Release|Any CPU
		{A751F19F-F17F-4D41-A400-F34EE1738F78}.Release|Any CPU.Build.0 = Release|Any CPU
	EndGlobalSection
	GlobalSection(SolutionProperties) = preSolution
		HideSolutionNode = FALSE
	EndGlobalSection
	GlobalSection(ExtensibilityGlobals) = postSolution
		SolutionGuid = {1EFDE9C0-F57F-4716-AC13-95F7B32BA3E9}
	EndGlobalSection
EndGlobal
