
Microsoft Visual Studio Solution File, Format Version 12.00
# Visual Studio Version 16
VisualStudioVersion = 16.0.30320.27
MinimumVisualStudioVersion = 10.0.40219.1
Project("{FAE04EC0-301F-11D3-BF4B-00C04F79EFBC}") = "1", "1\1.csproj", "{64E36A5B-0897-4909-95CB-9C3ED299F303}"
EndProject
Project("{FAE04EC0-301F-11D3-BF4B-00C04F79EFBC}") = "2", "2\2.csproj", "{74E6D012-5893-4DEE-BC41-0DD88DDDDFF0}"
EndProject
Global
	GlobalSection(SolutionConfigurationPlatforms) = preSolution
		Debug|Any CPU = Debug|Any CPU
		Release|Any CPU = Release|Any CPU
	EndGlobalSection
	GlobalSection(ProjectConfigurationPlatforms) = postSolution
		{64E36A5B-0897-4909-95CB-9C3ED299F303}.Debug|Any CPU.ActiveCfg = Debug|Any CPU
		{64E36A5B-0897-4909-95CB-9C3ED299F303}.Debug|Any CPU.Build.0 = Debug|Any CPU
		{64E36A5B-0897-4909-95CB-9C3ED299F303}.Release|Any CPU.ActiveCfg = Release|Any CPU
		{64E36A5B-0897-4909-95CB-9C3ED299F303}.Release|Any CPU.Build.0 = Release|Any CPU
		{74E6D012-5893-4DEE-BC41-0DD88DDDDFF0}.Debug|Any CPU.ActiveCfg = Debug|Any CPU
		{74E6D012-5893-4DEE-BC41-0DD88DDDDFF0}.Debug|Any CPU.Build.0 = Debug|Any CPU
		{74E6D012-5893-4DEE-BC41-0DD88DDDDFF0}.Release|Any CPU.ActiveCfg = Release|Any CPU
		{74E6D012-5893-4DEE-BC41-0DD88DDDDFF0}.Release|Any CPU.Build.0 = Release|Any CPU
	EndGlobalSection
	GlobalSection(SolutionProperties) = preSolution
		HideSolutionNode = FALSE
	EndGlobalSection
	GlobalSection(ExtensibilityGlobals) = postSolution
		SolutionGuid = {52E8CF39-AC97-4305-AD7B-CA819C1B02EB}
	EndGlobalSection
EndGlobal
