
Microsoft Visual Studio Solution File, Format Version 12.00
# Visual Studio Version 16
VisualStudioVersion = 16.0.30204.135
MinimumVisualStudioVersion = 10.0.40219.1
Project("{FAE04EC0-301F-11D3-BF4B-00C04F79EFBC}") = "1", "1\1.csproj", "{BCDC0EC8-7697-490F-A487-F47575340AA4}"
EndProject
Project("{FAE04EC0-301F-11D3-BF4B-00C04F79EFBC}") = "2", "2\2.csproj", "{C72DBCE9-8C12-4F90-80D7-1BAC81062BFA}"
EndProject
Global
	GlobalSection(SolutionConfigurationPlatforms) = preSolution
		Debug|Any CPU = Debug|Any CPU
		Release|Any CPU = Release|Any CPU
	EndGlobalSection
	GlobalSection(ProjectConfigurationPlatforms) = postSolution
		{BCDC0EC8-7697-490F-A487-F47575340AA4}.Debug|Any CPU.ActiveCfg = Debug|Any CPU
		{BCDC0EC8-7697-490F-A487-F47575340AA4}.Debug|Any CPU.Build.0 = Debug|Any CPU
		{BCDC0EC8-7697-490F-A487-F47575340AA4}.Release|Any CPU.ActiveCfg = Release|Any CPU
		{BCDC0EC8-7697-490F-A487-F47575340AA4}.Release|Any CPU.Build.0 = Release|Any CPU
		{C72DBCE9-8C12-4F90-80D7-1BAC81062BFA}.Debug|Any CPU.ActiveCfg = Debug|Any CPU
		{C72DBCE9-8C12-4F90-80D7-1BAC81062BFA}.Debug|Any CPU.Build.0 = Debug|Any CPU
		{C72DBCE9-8C12-4F90-80D7-1BAC81062BFA}.Release|Any CPU.ActiveCfg = Release|Any CPU
		{C72DBCE9-8C12-4F90-80D7-1BAC81062BFA}.Release|Any CPU.Build.0 = Release|Any CPU
	EndGlobalSection
	GlobalSection(SolutionProperties) = preSolution
		HideSolutionNode = FALSE
	EndGlobalSection
	GlobalSection(ExtensibilityGlobals) = postSolution
		SolutionGuid = {54BFC94F-F8B6-4AED-B2AC-C4080583F527}
	EndGlobalSection
EndGlobal
